{
  "originHash" : "2f4c7cb289d2c887656dc0f06ccf78a27eb5ab48f1febb18b709e27b8c75e9bb",
  "pins" : [
    {
      "identity" : "calendarkit",
      "kind" : "remoteSourceControl",
      "location" : "https://github.com/richardtop/CalendarKit.git",
      "state" : {
        "revision" : "92684acdffb76941268b6627f894274754771e41",
        "version" : "1.1.10"
      }
    },
    {
      "identity" : "swiftuix",
      "kind" : "remoteSourceControl",
      "location" : "https://github.com/SwiftUIX/SwiftUIX",
      "state" : {
        "revision" : "a5a22a1aaca885c229f475af049d75a6d9144de8",
        "version" : "0.1.9"
      }
    }
  ],
  "version" : 3
}
